// !$*UTF8*$!
{
	archiveVersion = 1;
	classes = {
	};
	objectVersion = 50;
	objects = {

/* Begin PBXBuildFile section */
		F7871F3624CFEF6F008F2748 /* AppDelegate.m in Sources */ = {isa = PBXBuildFile; fileRef = F7871F3524CFEF6F008F2748 /* AppDelegate.m */; };
		F7871F3924CFEF6F008F2748 /* SceneDelegate.m in Sources */ = {isa = PBXBuildFile; fileRef = F7871F3824CFEF6F008F2748 /* SceneDelegate.m */; };
		F7871F3C24CFEF6F008F2748 /* ViewController.m in Sources */ = {isa = PBXBuildFile; fileRef = F7871F3B24CFEF6F008F2748 /* ViewController.m */; };
		F7871F3F24CFEF6F008F2748 /* Main.storyboard in Resources */ = {isa = PBXBuildFile; fileRef = F7871F3D24CFEF6F008F2748 /* Main.storyboard */; };
		F7871F4124CFEF72008F2748 /* Assets.xcassets in Resources */ = {isa = PBXBuildFile; fileRef = F7871F4024CFEF72008F2748 /* Assets.xcassets */; };
		F7871F4424CFEF72008F2748 /* LaunchScreen.storyboard in Resources */ = {isa = PBXBuildFile; fileRef = F7871F4224CFEF72008F2748 /* LaunchScreen.storyboard */; };
		F7871F4724CFEF72008F2748 /* main.m in Sources */ = {isa = PBXBuildFile; fileRef = F7871F4624CFEF72008F2748 /* main.m */; };
/* End PBXBuildFile section */

/* Begin PBXFileReference section */
		F7871F3124CFEF6F008F2748 /* MedthPerform.app */ = {isa = PBXFileReference; explicitFileType = wrapper.application; includeInIndex = 0; path = MedthPerform.app; sourceTree = BUILT_PRODUCTS_DIR; };
		F7871F3424CFEF6F008F2748 /* AppDelegate.h */ = {isa = PBXFileReference; lastKnownFileType = sourcecode.c.h; path = AppDelegate.h; sourceTree = "<group>"; };
		F7871F3524CFEF6F008F2748 /* AppDelegate.m */ = {isa = PBXFileReference; lastKnownFileType = sourcecode.c.objc; path = AppDelegate.m; sourceTree = "<group>"; };
		F7871F3724CFEF6F008F2748 /* SceneDelegate.h */ = {isa = PBXFileReference; lastKnownFileType = sourcecode.c.h; path = SceneDelegate.h; sourceTree = "<group>"; };
		F7871F3824CFEF6F008F2748 /* SceneDelegate.m */ = {isa = PBXFileReference; lastKnownFileType = sourcecode.c.objc; path = SceneDelegate.m; sourceTree = "<group>"; };
		F7871F3A24CFEF6F008F2748 /* ViewController.h */ = {isa = PBXFileReference; lastKnownFileType = sourcecode.c.h; path = ViewController.h; sourceTree = "<group>"; };
		F7871F3B24CFEF6F008F2748 /* ViewController.m */ = {isa = PBXFileReference; lastKnownFileType = sourcecode.c.objc; path = ViewController.m; sourceTree = "<group>"; };
		F7871F3E24CFEF6F008F2748 /* Base */ = {isa = PBXFileReference; lastKnownFileType = file.storyboard; name = Base; path = Base.lproj/Main.storyboard; sourceTree = "<group>"; };
		F7871F4024CFEF72008F2748 /* Assets.xcassets */ = {isa = PBXFileReference; lastKnownFileType = folder.assetcatalog; path = Assets.xcassets; sourceTree = "<group>"; };
		F7871F4324CFEF72008F2748 /* Base */ = {isa = PBXFileReference; lastKnownFileType = file.storyboard; name = Base; path = Base.lproj/LaunchScreen.storyboard; sourceTree = "<group>"; };
		F7871F4524CFEF72008F2748 /* Info.plist */ = {isa = PBXFileReference; lastKnownFileType = text.plist.xml; path = Info.plist; sourceTree = "<group>"; };
		F7871F4624CFEF72008F2748 /* main.m */ = {isa = PBXFileReference; lastKnownFileType = sourcecode.c.objc; path = main.m; sourceTree = "<group>"; };
/* End PBXFileReference section */

/* Begin PBXFrameworksBuildPhase section */
		F7871F2E24CFEF6F008F2748 /* Frameworks */ = {
			isa = PBXFrameworksBuildPhase;
			buildActionMask = 2147483647;
			files = (
			);
			runOnlyForDeploymentPostprocessing = 0;
		};
/* End PBXFrameworksBuildPhase section */

/* Begin PBXGroup section */
		F7871F2824CFEF6F008F2748 = {
			isa = PBXGroup;
			children = (
				F7871F3324CFEF6F008F2748 /* MedthPerform */,
				F7871F3224CFEF6F008F2748 /* Products */,
			);
			sourceTree = "<group>";
		};
		F7871F3224CFEF6F008F2748 /* Products */ = {
			isa = PBXGroup;
			children = (
				F7871F3124CFEF6F008F2748 /* MedthPerform.app */,
			);
			name = Products;
			sourceTree = "<group>";
		};
		F7871F3324CFEF6F008F2748 /* MedthPerform */ = {
			isa = PBXGroup;
			children = (
				F7871F3424CFEF6F008F2748 /* AppDelegate.h */,
				F7871F3524CFEF6F008F2748 /* AppDelegate.m */,
				F7871F3724CFEF6F008F2748 /* SceneDelegate.h */,
				F7871F3824CFEF6F008F2748 /* SceneDelegate.m */,
				F7871F3A24CFEF6F008F2748 /* ViewController.h */,
				F7871F3B24CFEF6F008F2748 /* ViewController.m */,
				F7871F3D24CFEF6F008F2748 /* Main.storyboard */,
				F7871F4024CFEF72008F2748 /* Assets.xcassets */,
				F7871F4224CFEF72008F2748 /* LaunchScreen.storyboard */,
				F7871F4524CFEF72008F2748 /* Info.plist */,
				F7871F4624CFEF72008F2748 /* main.m */,
			);
			path = MedthPerform;
			sourceTree = "<group>";
		};
/* End PBXGroup section */

/* Begin PBXNativeTarget section */
		F7871F3024CFEF6F008F2748 /* MedthPerform */ = {
			isa = PBXNativeTarget;
			buildConfigurationList = F7871F4A24CFEF72008F2748 /* Build configuration list for PBXNativeTarget "MedthPerform" */;
			buildPhases = (
				F7871F2D24CFEF6F008F2748 /* Sources */,
				F7871F2E24CFEF6F008F2748 /* Frameworks */,
				F7871F2F24CFEF6F008F2748 /* Resources */,
			);
			buildRules = (
			);
			dependencies = (
			);
			name = MedthPerform;
			productName = MedthPerform;
			productReference = F7871F3124CFEF6F008F2748 /* MedthPerform.app */;
			productType = "com.apple.product-type.application";
		};
/* End PBXNativeTarget section */

/* Begin PBXProject section */
		F7871F2924CFEF6F008F2748 /* Project object */ = {
			isa = PBXProject;
			attributes = {
				LastUpgradeCheck = 1150;
				ORGANIZATIONNAME = "Liu,Shuhao(CPRD02)";
				TargetAttributes = {
					F7871F3024CFEF6F008F2748 = {
						CreatedOnToolsVersion = 11.5;
					};
				};
			};
			buildConfigurationList = F7871F2C24CFEF6F008F2748 /* Build configuration list for PBXProject "MedthPerform" */;
			compatibilityVersion = "Xcode 9.3";
			developmentRegion = en;
			hasScannedForEncodings = 0;
			knownRegions = (
				en,
				Base,
			);
			mainGroup = F7871F2824CFEF6F008F2748;
			productRefGroup = F7871F3224CFEF6F008F2748 /* Products */;
			projectDirPath = "";
			projectRoot = "";
			targets = (
				F7871F3024CFEF6F008F2748 /* MedthPerform */,
			);
		};
/* End PBXProject section */

/* Begin PBXResourcesBuildPhase section */
		F7871F2F24CFEF6F008F2748 /* Resources */ = {
			isa = PBXResourcesBuildPhase;
			buildActionMask = 2147483647;
			files = (
				F7871F4424CFEF72008F2748 /* LaunchScreen.storyboard in Resources */,
				F7871F4124CFEF72008F2748 /* Assets.xcassets in Resources */,
				F7871F3F24CFEF6F008F2748 /* Main.storyboard in Resources */,
			);
			runOnlyForDeploymentPostprocessing = 0;
		};
/* End PBXResourcesBuildPhase section */

/* Begin PBXSourcesBuildPhase section */
		F7871F2D24CFEF6F008F2748 /* Sources */ = {
			isa = PBXSourcesBuildPhase;
			buildActionMask = 2147483647;
			files = (
				F7871F3C24CFEF6F008F2748 /* ViewController.m in Sources */,
				F7871F3624CFEF6F008F2748 /* AppDelegate.m in Sources */,
				F7871F4724CFEF72008F2748 /* main.m in Sources */,
				F7871F3924CFEF6F008F2748 /* SceneDelegate.m in Sources */,
			);
			runOnlyForDeploymentPostprocessing = 0;
		};
/* End PBXSourcesBuildPhase section */

/* Begin PBXVariantGroup section */
		F7871F3D24CFEF6F008F2748 /* Main.storyboard */ = {
			isa = PBXVariantGroup;
			children = (
				F7871F3E24CFEF6F008F2748 /* Base */,
			);
			name = Main.storyboard;
			sourceTree = "<group>";
		};
		F7871F4224CFEF72008F2748 /* LaunchScreen.storyboard */ = {
			isa = PBXVariantGroup;
			children = (
				F7871F4324CFEF72008F2748 /* Base */,
			);
			name = LaunchScreen.storyboard;
			sourceTree = "<group>";
		};
/* End PBXVariantGroup section */

/* Begin XCBuildConfiguration section */
		F7871F4824CFEF72008F2748 /* Debug */ = {
			isa = XCBuildConfiguration;
			buildSettings = {
				ALWAYS_SEARCH_USER_PATHS = NO;
				CLANG_ANALYZER_NONNULL = YES;
				CLANG_ANALYZER_NUMBER_OBJECT_CONVERSION = YES_AGGRESSIVE;
				CLANG_CXX_LANGUAGE_STANDARD = "gnu++14";
				CLANG_CXX_LIBRARY = "libc++";
				CLANG_ENABLE_MODULES = YES;
				CLANG_ENABLE_OBJC_ARC = YES;
				CLANG_ENABLE_OBJC_WEAK = YES;
				CLANG_WARN_BLOCK_CAPTURE_AUTORELEASING = YES;
				CLANG_WARN_BOOL_CONVERSION = YES;
				CLANG_WARN_COMMA = YES;
				CLANG_WARN_CONSTANT_CONVERSION = YES;
				CLANG_WARN_DEPRECATED_OBJC_IMPLEMENTATIONS = YES;
				CLANG_WARN_DIRECT_OBJC_ISA_USAGE = YES_ERROR;
				CLANG_WARN_DOCUMENTATION_COMMENTS = YES;
				CLANG_WARN_EMPTY_BODY = YES;
				CLANG_WARN_ENUM_CONVERSION = YES;
				CLANG_WARN_INFINITE_RECURSION = YES;
				CLANG_WARN_INT_CONVERSION = YES;
				CLANG_WARN_NON_LITERAL_NULL_CONVERSION = YES;
				CLANG_WARN_OBJC_IMPLICIT_RETAIN_SELF = YES;
				CLANG_WARN_OBJC_LITERAL_CONVERSION = YES;
				CLANG_WARN_OBJC_ROOT_CLASS = YES_ERROR;
				CLANG_WARN_RANGE_LOOP_ANALYSIS = YES;
				CLANG_WARN_STRICT_PROTOTYPES = YES;
				CLANG_WARN_SUSPICIOUS_MOVE = YES;
				CLANG_WARN_UNGUARDED_AVAILABILITY = YES_AGGRESSIVE;
				CLANG_WARN_UNREACHABLE_CODE = YES;
				CLANG_WARN__DUPLICATE_METHOD_MATCH = YES;
				COPY_PHASE_STRIP = NO;
				DEBUG_INFORMATION_FORMAT = dwarf;
				ENABLE_STRICT_OBJC_MSGSEND = YES;
				ENABLE_TESTABILITY = YES;
				GCC_C_LANGUAGE_STANDARD = gnu11;
				GCC_DYNAMIC_NO_PIC = NO;
				GCC_NO_COMMON_BLOCKS = YES;
				GCC_OPTIMIZATION_LEVEL = 0;
				GCC_PREPROCESSOR_DEFINITIONS = (
					"DEBUG=1",
					"$(inherited)",
				);
				GCC_WARN_64_TO_32_BIT_CONVERSION = YES;
				GCC_WARN_ABOUT_RETURN_TYPE = YES_ERROR;
				GCC_WARN_UNDECLARED_SELECTOR = YES;
				GCC_WARN_UNINITIALIZED_AUTOS = YES_AGGRESSIVE;
				GCC_WARN_UNUSED_FUNCTION = YES;
				GCC_WARN_UNUSED_VARIABLE = YES;
				IPHONEOS_DEPLOYMENT_TARGET = 13.5;
				MTL_ENABLE_DEBUG_INFO = INCLUDE_SOURCE;
				MTL_FAST_MATH = YES;
				ONLY_ACTIVE_ARCH = YES;
				SDKROOT = iphoneos;
			};
			name = Debug;
		};
		F7871F4924CFEF72008F2748 /* Release */ = {
			isa = XCBuildConfiguration;
			buildSettings = {
				ALWAYS_SEARCH_USER_PATHS = NO;
				CLANG_ANALYZER_NONNULL = YES;
				CLANG_ANALYZER_NUMBER_OBJECT_CONVERSION = YES_AGGRESSIVE;
				CLANG_CXX_LANGUAGE_STANDARD = "gnu++14";
				CLANG_CXX_LIBRARY = "libc++";
				CLANG_ENABLE_MODULES = YES;
				CLANG_ENABLE_OBJC_ARC = YES;
				CLANG_ENABLE_OBJC_WEAK = YES;
				CLANG_WARN_BLOCK_CAPTURE_AUTORELEASING = YES;
				CLANG_WARN_BOOL_CONVERSION = YES;
				CLANG_WARN_COMMA = YES;
				CLANG_WARN_CONSTANT_CONVERSION = YES;
				CLANG_WARN_DEPRECATED_OBJC_IMPLEMENTATIONS = YES;
				CLANG_WARN_DIRECT_OBJC_ISA_USAGE = YES_ERROR;
				CLANG_WARN_DOCUMENTATION_COMMENTS = YES;
				CLANG_WARN_EMPTY_BODY = YES;
				CLANG_WARN_ENUM_CONVERSION = YES;
				CLANG_WARN_INFINITE_RECURSION = YES;
				CLANG_WARN_INT_CONVERSION = YES;
				CLANG_WARN_NON_LITERAL_NULL_CONVERSION = YES;
				CLANG_WARN_OBJC_IMPLICIT_RETAIN_SELF = YES;
				CLANG_WARN_OBJC_LITERAL_CONVERSION = YES;
				CLANG_WARN_OBJC_ROOT_CLASS = YES_ERROR;
				CLANG_WARN_RANGE_LOOP_ANALYSIS = YES;
				CLANG_WARN_STRICT_PROTOTYPES = YES;
				CLANG_WARN_SUSPICIOUS_MOVE = YES;
				CLANG_WARN_UNGUARDED_AVAILABILITY = YES_AGGRESSIVE;
				CLANG_WARN_UNREACHABLE_CODE = YES;
				CLANG_WARN__DUPLICATE_METHOD_MATCH = YES;
				COPY_PHASE_STRIP = NO;
				DEBUG_INFORMATION_FORMAT = "dwarf-with-dsym";
				ENABLE_NS_ASSERTIONS = NO;
				ENABLE_STRICT_OBJC_MSGSEND = YES;
				GCC_C_LANGUAGE_STANDARD = gnu11;
				GCC_NO_COMMON_BLOCKS = YES;
				GCC_WARN_64_TO_32_BIT_CONVERSION = YES;
				GCC_WARN_ABOUT_RETURN_TYPE = YES_ERROR;
				GCC_WARN_UNDECLARED_SELECTOR = YES;
				GCC_WARN_UNINITIALIZED_AUTOS = YES_AGGRESSIVE;
				GCC_WARN_UNUSED_FUNCTION = YES;
				GCC_WARN_UNUSED_VARIABLE = YES;
				IPHONEOS_DEPLOYMENT_TARGET = 13.5;
				MTL_ENABLE_DEBUG_INFO = NO;
				MTL_FAST_MATH = YES;
				SDKROOT = iphoneos;
				VALIDATE_PRODUCT = YES;
			};
			name = Release;
		};
		F7871F4B24CFEF72008F2748 /* Debug */ = {
			isa = XCBuildConfiguration;
			buildSettings = {
				ASSETCATALOG_COMPILER_APPICON_NAME = AppIcon;
				CODE_SIGN_STYLE = Automatic;
				INFOPLIST_FILE = MedthPerform/Info.plist;
				LD_RUNPATH_SEARCH_PATHS = (
					"$(inherited)",
					"@executable_path/Frameworks",
				);
				PRODUCT_BUNDLE_IDENTIFIER = com.Sharker.com.MedthPerform;
				PRODUCT_NAME = "$(TARGET_NAME)";
				TARGETED_DEVICE_FAMILY = "1,2";
			};
			name = Debug;
		};
		F7871F4C24CFEF72008F2748 /* Release */ = {
			isa = XCBuildConfiguration;
			buildSettings = {
				ASSETCATALOG_COMPILER_APPICON_NAME = AppIcon;
				CODE_SIGN_STYLE = Automatic;
				INFOPLIST_FILE = MedthPerform/Info.plist;
				LD_RUNPATH_SEARCH_PATHS = (
					"$(inherited)",
					"@executable_path/Frameworks",
				);
				PRODUCT_BUNDLE_IDENTIFIER = com.Sharker.com.MedthPerform;
				PRODUCT_NAME = "$(TARGET_NAME)";
				TARGETED_DEVICE_FAMILY = "1,2";
			};
			name = Release;
		};
/* End XCBuildConfiguration section */

/* Begin XCConfigurationList section */
		F7871F2C24CFEF6F008F2748 /* Build configuration list for PBXProject "MedthPerform" */ = {
			isa = XCConfigurationList;
			buildConfigurations = (
				F7871F4824CFEF72008F2748 /* Debug */,
				F7871F4924CFEF72008F2748 /* Release */,
			);
			defaultConfigurationIsVisible = 0;
			defaultConfigurationName = Release;
		};
		F7871F4A24CFEF72008F2748 /* Build configuration list for PBXNativeTarget "MedthPerform" */ = {
			isa = XCConfigurationList;
			buildConfigurations = (
				F7871F4B24CFEF72008F2748 /* Debug */,
				F7871F4C24CFEF72008F2748 /* Release */,
			);
			defaultConfigurationIsVisible = 0;
			defaultConfigurationName = Release;
		};
/* End XCConfigurationList section */
	};
	rootObject = F7871F2924CFEF6F008F2748 /* Project object */;
}
